
Microsoft Visual Studio Solution File, Format Version 12.00
# Visual Studio 15
VisualStudioVersion = 15.0.27703.2042
MinimumVisualStudioVersion = 10.0.40219.1
Project("{FAE04EC0-301F-11D3-BF4B-00C04F79EFBC}") = "Modul4", "Modul4\Modul4.csproj", "{31C9203A-E21D-4499-B9E8-E20FD0E8272D}"
EndProject
Project("{FAE04EC0-301F-11D3-BF4B-00C04F79EFBC}") = "HomeWork", "HomeWork\HomeWork.csproj", "{90BF3B05-1516-4BB0-BBCE-1934AFFDC1ED}"
EndProject
Global
	GlobalSection(SolutionConfigurationPlatforms) = preSolution
		Debug|Any CPU = Debug|Any CPU
		Release|Any CPU = Release|Any CPU
	EndGlobalSection
	GlobalSection(ProjectConfigurationPlatforms) = postSolution
		{31C9203A-E21D-4499-B9E8-E20FD0E8272D}.Debug|Any CPU.ActiveCfg = Debug|Any CPU
		{31C9203A-E21D-4499-B9E8-E20FD0E8272D}.Debug|Any CPU.Build.0 = Debug|Any CPU
		{31C9203A-E21D-4499-B9E8-E20FD0E8272D}.Release|Any CPU.ActiveCfg = Release|Any CPU
		{31C9203A-E21D-4499-B9E8-E20FD0E8272D}.Release|Any CPU.Build.0 = Release|Any CPU
		{90BF3B05-1516-4BB0-BBCE-1934AFFDC1ED}.Debug|Any CPU.ActiveCfg = Debug|Any CPU
		{90BF3B05-1516-4BB0-BBCE-1934AFFDC1ED}.Debug|Any CPU.Build.0 = Debug|Any CPU
		{90BF3B05-1516-4BB0-BBCE-1934AFFDC1ED}.Release|Any CPU.ActiveCfg = Release|Any CPU
		{90BF3B05-1516-4BB0-BBCE-1934AFFDC1ED}.Release|Any CPU.Build.0 = Release|Any CPU
	EndGlobalSection
	GlobalSection(SolutionProperties) = preSolution
		HideSolutionNode = FALSE
	EndGlobalSection
	GlobalSection(ExtensibilityGlobals) = postSolution
		SolutionGuid = {AA4EA1C6-3383-4609-A5D5-72AC4B15AD5E}
	EndGlobalSection
EndGlobal
